
Microsoft Visual Studio Solution File, Format Version 12.00
# Visual Studio Version 17
VisualStudioVersion = 17.11.35222.181
MinimumVisualStudioVersion = 10.0.40219.1
Project("{2150E333-8FDC-42A3-9474-1A3956D46DE8}") = "Task0", "Task0", "{170C780F-C517-4250-99D0-5D62DD6A5489}"
EndProject
Project("{9A19103F-16F7-4668-BE54-9A1E7A4F7556}") = "Tyuiu.KiselevEA.Sprint6.Task0.V4.Lib", "Tyuiu.KiselevEA.Sprint6.Task0.V4.Lib\Tyuiu.KiselevEA.Sprint6.Task0.V4.Lib.csproj", "{F4835C68-EDEB-4E82-ADE6-DA6C6B285365}"
EndProject
Project("{9A19103F-16F7-4668-BE54-9A1E7A4F7556}") = "Tyuiu.KiselevEA.Sprint6.Task0.V4.Test", "Tyuiu.KiselevEA.Sprint6.Task0.V4.Test\Tyuiu.KiselevEA.Sprint6.Task0.V4.Test.csproj", "{2EC1567A-7502-4144-850F-A6C4ACF32674}"
EndProject
Project("{9A19103F-16F7-4668-BE54-9A1E7A4F7556}") = "Tyuiu.KiselevEA.Sprint6.Task0.V4", "Tyuiu.KiselevEA.Sprint6.Task0.V4\Tyuiu.KiselevEA.Sprint6.Task0.V4.csproj", "{0448AEA7-5277-4FB4-825F-B7FE8F9061B6}"
EndProject
Project("{2150E333-8FDC-42A3-9474-1A3956D46DE8}") = "Task1", "Task1", "{53814364-1DA8-429D-8D93-E1BC01E7B4A4}"
EndProject
Project("{9A19103F-16F7-4668-BE54-9A1E7A4F7556}") = "Tyuiu.KiselevEA.Sprint6.Task1.V5.Lib", "Tyuiu.KiselevEA.Sprint6.Task1.V5.Lib\Tyuiu.KiselevEA.Sprint6.Task1.V5.Lib.csproj", "{1B304744-88D7-4716-A5E4-6B8A051DBC3C}"
EndProject
Project("{9A19103F-16F7-4668-BE54-9A1E7A4F7556}") = "Tyuiu.KiselevEA.Sprint6.Task1.V5.Test", "Tyuiu.KiselevEA.Sprint6.Task1.V5.Test\Tyuiu.KiselevEA.Sprint6.Task1.V5.Test.csproj", "{B01909B8-5BC1-4C1F-B813-051D62024701}"
EndProject
Project("{9A19103F-16F7-4668-BE54-9A1E7A4F7556}") = "Tyuiu.KiselevEA.Sprint6.Task1.V5", "Tyuiu.KiselevEA.Sprint6.Task1.V5\Tyuiu.KiselevEA.Sprint6.Task1.V5.csproj", "{BD90FB83-808A-41A6-A333-CCB72E9F6518}"
EndProject
Project("{2150E333-8FDC-42A3-9474-1A3956D46DE8}") = "Task2", "Task2", "{4BE37EEB-34E0-42BF-90C2-BAFE2D349B86}"
EndProject
Project("{9A19103F-16F7-4668-BE54-9A1E7A4F7556}") = "Tyuiu.KiselevEA.Sprint6.Task2.V2.Test", "Tyuiu.KiselevEA.Sprint6.Task2.V2.Test\Tyuiu.KiselevEA.Sprint6.Task2.V2.Test.csproj", "{76C1E507-DBDE-4A6F-AB2C-315A89329538}"
EndProject
Project("{9A19103F-16F7-4668-BE54-9A1E7A4F7556}") = "Tyuiu.KiselevEA.Sprint6.Task2.V2.Lib", "Tyuiu.KiselevEA.Sprint6.Task2.V2.Lib\Tyuiu.KiselevEA.Sprint6.Task2.V2.Lib.csproj", "{C02DE8A3-B854-4BBA-ADEC-3E31F31AD675}"
EndProject
Project("{9A19103F-16F7-4668-BE54-9A1E7A4F7556}") = "Tyuiu.KiselevEA.Sprint6.Task2.V2", "Tyuiu.KiselevEA.Sprint6.Task2.V2\Tyuiu.KiselevEA.Sprint6.Task2.V2.csproj", "{5DEC5523-0308-4678-A08B-845666FBEF8C}"
EndProject
Project("{2150E333-8FDC-42A3-9474-1A3956D46DE8}") = "Task3", "Task3", "{C419994E-0055-4484-9D8C-3A39B088D828}"
EndProject
Project("{FAE04EC0-301F-11D3-BF4B-00C04F79EFBC}") = "Tyuiu.KiselevEA.Sprint6.Task3.V2.Test", "Tyuiu.KiselevEA.Sprint6.Task3.V2.Test\Tyuiu.KiselevEA.Sprint6.Task3.V2.Test.csproj", "{52DF1529-8703-4326-AF8D-6E979C26D7EA}"
EndProject
Project("{FAE04EC0-301F-11D3-BF4B-00C04F79EFBC}") = "Tyuiu.KiselevEA.Sprint6.Task3.V2.Lib", "Tyuiu.KiselevEA.Sprint6.Task3.V2.Lib\Tyuiu.KiselevEA.Sprint6.Task3.V2.Lib.csproj", "{EBD6E9FA-5E5D-4B70-8405-789CB93BD775}"
EndProject
Project("{FAE04EC0-301F-11D3-BF4B-00C04F79EFBC}") = "Tyuiu.KiselevEA.Sprint6.Task3.V2", "Tyuiu.KiselevEA.Sprint6.Task3.V2\Tyuiu.KiselevEA.Sprint6.Task3.V2.csproj", "{7868EA42-E8E8-4C0F-A72A-7A8E6893D9B1}"
EndProject
Global
	GlobalSection(SolutionConfigurationPlatforms) = preSolution
		Debug|Any CPU = Debug|Any CPU
		Release|Any CPU = Release|Any CPU
	EndGlobalSection
	GlobalSection(ProjectConfigurationPlatforms) = postSolution
		{F4835C68-EDEB-4E82-ADE6-DA6C6B285365}.Debug|Any CPU.ActiveCfg = Debug|Any CPU
		{F4835C68-EDEB-4E82-ADE6-DA6C6B285365}.Debug|Any CPU.Build.0 = Debug|Any CPU
		{F4835C68-EDEB-4E82-ADE6-DA6C6B285365}.Release|Any CPU.ActiveCfg = Release|Any CPU
		{F4835C68-EDEB-4E82-ADE6-DA6C6B285365}.Release|Any CPU.Build.0 = Release|Any CPU
		{2EC1567A-7502-4144-850F-A6C4ACF32674}.Debug|Any CPU.ActiveCfg = Debug|Any CPU
		{2EC1567A-7502-4144-850F-A6C4ACF32674}.Debug|Any CPU.Build.0 = Debug|Any CPU
		{2EC1567A-7502-4144-850F-A6C4ACF32674}.Release|Any CPU.ActiveCfg = Release|Any CPU
		{2EC1567A-7502-4144-850F-A6C4ACF32674}.Release|Any CPU.Build.0 = Release|Any CPU
		{0448AEA7-5277-4FB4-825F-B7FE8F9061B6}.Debug|Any CPU.ActiveCfg = Debug|Any CPU
		{0448AEA7-5277-4FB4-825F-B7FE8F9061B6}.Debug|Any CPU.Build.0 = Debug|Any CPU
		{0448AEA7-5277-4FB4-825F-B7FE8F9061B6}.Release|Any CPU.ActiveCfg = Release|Any CPU
		{0448AEA7-5277-4FB4-825F-B7FE8F9061B6}.Release|Any CPU.Build.0 = Release|Any CPU
		{1B304744-88D7-4716-A5E4-6B8A051DBC3C}.Debug|Any CPU.ActiveCfg = Debug|Any CPU
		{1B304744-88D7-4716-A5E4-6B8A051DBC3C}.Debug|Any CPU.Build.0 = Debug|Any CPU
		{1B304744-88D7-4716-A5E4-6B8A051DBC3C}.Release|Any CPU.ActiveCfg = Release|Any CPU
		{1B304744-88D7-4716-A5E4-6B8A051DBC3C}.Release|Any CPU.Build.0 = Release|Any CPU
		{B01909B8-5BC1-4C1F-B813-051D62024701}.Debug|Any CPU.ActiveCfg = Debug|Any CPU
		{B01909B8-5BC1-4C1F-B813-051D62024701}.Debug|Any CPU.Build.0 = Debug|Any CPU
		{B01909B8-5BC1-4C1F-B813-051D62024701}.Release|Any CPU.ActiveCfg = Release|Any CPU
		{B01909B8-5BC1-4C1F-B813-051D62024701}.Release|Any CPU.Build.0 = Release|Any CPU
		{BD90FB83-808A-41A6-A333-CCB72E9F6518}.Debug|Any CPU.ActiveCfg = Debug|Any CPU
		{BD90FB83-808A-41A6-A333-CCB72E9F6518}.Debug|Any CPU.Build.0 = Debug|Any CPU
		{BD90FB83-808A-41A6-A333-CCB72E9F6518}.Release|Any CPU.ActiveCfg = Release|Any CPU
		{BD90FB83-808A-41A6-A333-CCB72E9F6518}.Release|Any CPU.Build.0 = Release|Any CPU
		{76C1E507-DBDE-4A6F-AB2C-315A89329538}.Debug|Any CPU.ActiveCfg = Debug|Any CPU
		{76C1E507-DBDE-4A6F-AB2C-315A89329538}.Debug|Any CPU.Build.0 = Debug|Any CPU
		{76C1E507-DBDE-4A6F-AB2C-315A89329538}.Release|Any CPU.ActiveCfg = Release|Any CPU
		{76C1E507-DBDE-4A6F-AB2C-315A89329538}.Release|Any CPU.Build.0 = Release|Any CPU
		{C02DE8A3-B854-4BBA-ADEC-3E31F31AD675}.Debug|Any CPU.ActiveCfg = Debug|Any CPU
		{C02DE8A3-B854-4BBA-ADEC-3E31F31AD675}.Debug|Any CPU.Build.0 = Debug|Any CPU
		{C02DE8A3-B854-4BBA-ADEC-3E31F31AD675}.Release|Any CPU.ActiveCfg = Release|Any CPU
		{C02DE8A3-B854-4BBA-ADEC-3E31F31AD675}.Release|Any CPU.Build.0 = Release|Any CPU
		{5DEC5523-0308-4678-A08B-845666FBEF8C}.Debug|Any CPU.ActiveCfg = Debug|Any CPU
		{5DEC5523-0308-4678-A08B-845666FBEF8C}.Debug|Any CPU.Build.0 = Debug|Any CPU
		{5DEC5523-0308-4678-A08B-845666FBEF8C}.Release|Any CPU.ActiveCfg = Release|Any CPU
		{5DEC5523-0308-4678-A08B-845666FBEF8C}.Release|Any CPU.Build.0 = Release|Any CPU
		{52DF1529-8703-4326-AF8D-6E979C26D7EA}.Debug|Any CPU.ActiveCfg = Debug|Any CPU
		{52DF1529-8703-4326-AF8D-6E979C26D7EA}.Debug|Any CPU.Build.0 = Debug|Any CPU
		{52DF1529-8703-4326-AF8D-6E979C26D7EA}.Release|Any CPU.ActiveCfg = Release|Any CPU
		{52DF1529-8703-4326-AF8D-6E979C26D7EA}.Release|Any CPU.Build.0 = Release|Any CPU
		{EBD6E9FA-5E5D-4B70-8405-789CB93BD775}.Debug|Any CPU.ActiveCfg = Debug|Any CPU
		{EBD6E9FA-5E5D-4B70-8405-789CB93BD775}.Debug|Any CPU.Build.0 = Debug|Any CPU
		{EBD6E9FA-5E5D-4B70-8405-789CB93BD775}.Release|Any CPU.ActiveCfg = Release|Any CPU
		{EBD6E9FA-5E5D-4B70-8405-789CB93BD775}.Release|Any CPU.Build.0 = Release|Any CPU
		{7868EA42-E8E8-4C0F-A72A-7A8E6893D9B1}.Debug|Any CPU.ActiveCfg = Debug|Any CPU
		{7868EA42-E8E8-4C0F-A72A-7A8E6893D9B1}.Debug|Any CPU.Build.0 = Debug|Any CPU
		{7868EA42-E8E8-4C0F-A72A-7A8E6893D9B1}.Release|Any CPU.ActiveCfg = Release|Any CPU
		{7868EA42-E8E8-4C0F-A72A-7A8E6893D9B1}.Release|Any CPU.Build.0 = Release|Any CPU
	EndGlobalSection
	GlobalSection(SolutionProperties) = preSolution
		HideSolutionNode = FALSE
	EndGlobalSection
	GlobalSection(NestedProjects) = preSolution
		{F4835C68-EDEB-4E82-ADE6-DA6C6B285365} = {170C780F-C517-4250-99D0-5D62DD6A5489}
		{2EC1567A-7502-4144-850F-A6C4ACF32674} = {170C780F-C517-4250-99D0-5D62DD6A5489}
		{0448AEA7-5277-4FB4-825F-B7FE8F9061B6} = {170C780F-C517-4250-99D0-5D62DD6A5489}
		{1B304744-88D7-4716-A5E4-6B8A051DBC3C} = {53814364-1DA8-429D-8D93-E1BC01E7B4A4}
		{B01909B8-5BC1-4C1F-B813-051D62024701} = {53814364-1DA8-429D-8D93-E1BC01E7B4A4}
		{BD90FB83-808A-41A6-A333-CCB72E9F6518} = {53814364-1DA8-429D-8D93-E1BC01E7B4A4}
		{76C1E507-DBDE-4A6F-AB2C-315A89329538} = {4BE37EEB-34E0-42BF-90C2-BAFE2D349B86}
		{C02DE8A3-B854-4BBA-ADEC-3E31F31AD675} = {4BE37EEB-34E0-42BF-90C2-BAFE2D349B86}
		{5DEC5523-0308-4678-A08B-845666FBEF8C} = {4BE37EEB-34E0-42BF-90C2-BAFE2D349B86}
		{52DF1529-8703-4326-AF8D-6E979C26D7EA} = {C419994E-0055-4484-9D8C-3A39B088D828}
		{EBD6E9FA-5E5D-4B70-8405-789CB93BD775} = {C419994E-0055-4484-9D8C-3A39B088D828}
		{7868EA42-E8E8-4C0F-A72A-7A8E6893D9B1} = {C419994E-0055-4484-9D8C-3A39B088D828}
	EndGlobalSection
	GlobalSection(ExtensibilityGlobals) = postSolution
		SolutionGuid = {569ACD16-46CD-406A-8940-02E4B61B1208}
	EndGlobalSection
EndGlobal
